
Microsoft Visual Studio Solution File, Format Version 12.00
# Visual Studio Version 17
VisualStudioVersion = 17.5.33530.505
MinimumVisualStudioVersion = 10.0.40219.1
Project("{9A19103F-16F7-4668-BE54-9A1E7A4F7556}") = "Flora", "Flora\Flora.csproj", "{EF42E0CD-488C-48C7-8D54-FB5270BD21E0}"
EndProject
Project("{9A19103F-16F7-4668-BE54-9A1E7A4F7556}") = "FloraServices", "FloraServices\FloraServices.csproj", "{9CE70B1F-9724-4842-AED5-AAC3F4AC999D}"
EndProject
Global
	GlobalSection(SolutionConfigurationPlatforms) = preSolution
		Debug|Any CPU = Debug|Any CPU
		Release|Any CPU = Release|Any CPU
	EndGlobalSection
	GlobalSection(ProjectConfigurationPlatforms) = postSolution
		{EF42E0CD-488C-48C7-8D54-FB5270BD21E0}.Debug|Any CPU.ActiveCfg = Debug|Any CPU
		{EF42E0CD-488C-48C7-8D54-FB5270BD21E0}.Debug|Any CPU.Build.0 = Debug|Any CPU
		{EF42E0CD-488C-48C7-8D54-FB5270BD21E0}.Release|Any CPU.ActiveCfg = Release|Any CPU
		{EF42E0CD-488C-48C7-8D54-FB5270BD21E0}.Release|Any CPU.Build.0 = Release|Any CPU
		{9CE70B1F-9724-4842-AED5-AAC3F4AC999D}.Debug|Any CPU.ActiveCfg = Debug|Any CPU
		{9CE70B1F-9724-4842-AED5-AAC3F4AC999D}.Debug|Any CPU.Build.0 = Debug|Any CPU
		{9CE70B1F-9724-4842-AED5-AAC3F4AC999D}.Release|Any CPU.ActiveCfg = Release|Any CPU
		{9CE70B1F-9724-4842-AED5-AAC3F4AC999D}.Release|Any CPU.Build.0 = Release|Any CPU
	EndGlobalSection
	GlobalSection(SolutionProperties) = preSolution
		HideSolutionNode = FALSE
	EndGlobalSection
	GlobalSection(ExtensibilityGlobals) = postSolution
		SolutionGuid = {3679FCE9-7A5F-44DC-88F3-72E2BB88F57C}
	EndGlobalSection
EndGlobal
